
Microsoft Visual Studio Solution File, Format Version 12.00
# Visual Studio 15
Project("{FAE04EC0-301F-11D3-BF4B-00C04F79EFBC}") = "MicrochartsSampleXF.Android", "MicrochartsSampleXF.Android\MicrochartsSampleXF.Android.csproj", "{DF598450-936E-4EFA-B483-2B3EFF39CFF6}"
EndProject
Project("{FAE04EC0-301F-11D3-BF4B-00C04F79EFBC}") = "MicrochartsSampleXF.iOS", "MicrochartsSampleXF.iOS\MicrochartsSampleXF.iOS.csproj", "{7F176E14-1206-4EC4-B3FC-EDAF7C4643FD}"
EndProject
Project("{FAE04EC0-301F-11D3-BF4B-00C04F79EFBC}") = "MicrochartsSampleXF", "MicrochartsSampleXF\MicrochartsSampleXF.csproj", "{CD407D58-B9D3-4D8F-BC7E-35788E4DE26B}"
EndProject
Global
	GlobalSection(SolutionConfigurationPlatforms) = preSolution
		Debug|Any CPU = Debug|Any CPU
		Release|Any CPU = Release|Any CPU
		Debug|iPhoneSimulator = Debug|iPhoneSimulator
		Release|iPhoneSimulator = Release|iPhoneSimulator
		Debug|iPhone = Debug|iPhone
		Release|iPhone = Release|iPhone
	EndGlobalSection
	GlobalSection(ProjectConfigurationPlatforms) = postSolution
		{DF598450-936E-4EFA-B483-2B3EFF39CFF6}.Debug|Any CPU.ActiveCfg = Debug|Any CPU
		{DF598450-936E-4EFA-B483-2B3EFF39CFF6}.Debug|Any CPU.Build.0 = Debug|Any CPU
		{DF598450-936E-4EFA-B483-2B3EFF39CFF6}.Release|Any CPU.ActiveCfg = Release|Any CPU
		{DF598450-936E-4EFA-B483-2B3EFF39CFF6}.Release|Any CPU.Build.0 = Release|Any CPU
		{DF598450-936E-4EFA-B483-2B3EFF39CFF6}.Debug|iPhoneSimulator.ActiveCfg = Debug|Any CPU
		{DF598450-936E-4EFA-B483-2B3EFF39CFF6}.Debug|iPhoneSimulator.Build.0 = Debug|Any CPU
		{DF598450-936E-4EFA-B483-2B3EFF39CFF6}.Release|iPhoneSimulator.ActiveCfg = Release|Any CPU
		{DF598450-936E-4EFA-B483-2B3EFF39CFF6}.Release|iPhoneSimulator.Build.0 = Release|Any CPU
		{DF598450-936E-4EFA-B483-2B3EFF39CFF6}.Debug|iPhone.ActiveCfg = Debug|Any CPU
		{DF598450-936E-4EFA-B483-2B3EFF39CFF6}.Debug|iPhone.Build.0 = Debug|Any CPU
		{DF598450-936E-4EFA-B483-2B3EFF39CFF6}.Release|iPhone.ActiveCfg = Release|Any CPU
		{DF598450-936E-4EFA-B483-2B3EFF39CFF6}.Release|iPhone.Build.0 = Release|Any CPU
		{7F176E14-1206-4EC4-B3FC-EDAF7C4643FD}.Debug|Any CPU.ActiveCfg = Debug|iPhoneSimulator
		{7F176E14-1206-4EC4-B3FC-EDAF7C4643FD}.Debug|Any CPU.Build.0 = Debug|iPhoneSimulator
		{7F176E14-1206-4EC4-B3FC-EDAF7C4643FD}.Release|Any CPU.ActiveCfg = Release|iPhoneSimulator
		{7F176E14-1206-4EC4-B3FC-EDAF7C4643FD}.Release|Any CPU.Build.0 = Release|iPhoneSimulator
		{7F176E14-1206-4EC4-B3FC-EDAF7C4643FD}.Debug|iPhoneSimulator.ActiveCfg = Debug|iPhoneSimulator
		{7F176E14-1206-4EC4-B3FC-EDAF7C4643FD}.Debug|iPhoneSimulator.Build.0 = Debug|iPhoneSimulator
		{7F176E14-1206-4EC4-B3FC-EDAF7C4643FD}.Release|iPhoneSimulator.ActiveCfg = Release|iPhoneSimulator
		{7F176E14-1206-4EC4-B3FC-EDAF7C4643FD}.Release|iPhoneSimulator.Build.0 = Release|iPhoneSimulator
		{7F176E14-1206-4EC4-B3FC-EDAF7C4643FD}.Debug|iPhone.ActiveCfg = Debug|iPhone
		{7F176E14-1206-4EC4-B3FC-EDAF7C4643FD}.Debug|iPhone.Build.0 = Debug|iPhone
		{7F176E14-1206-4EC4-B3FC-EDAF7C4643FD}.Release|iPhone.ActiveCfg = Release|iPhone
		{7F176E14-1206-4EC4-B3FC-EDAF7C4643FD}.Release|iPhone.Build.0 = Release|iPhone
		{CD407D58-B9D3-4D8F-BC7E-35788E4DE26B}.Debug|Any CPU.ActiveCfg = Debug|Any CPU
		{CD407D58-B9D3-4D8F-BC7E-35788E4DE26B}.Debug|Any CPU.Build.0 = Debug|Any CPU
		{CD407D58-B9D3-4D8F-BC7E-35788E4DE26B}.Release|Any CPU.ActiveCfg = Release|Any CPU
		{CD407D58-B9D3-4D8F-BC7E-35788E4DE26B}.Release|Any CPU.Build.0 = Release|Any CPU
		{CD407D58-B9D3-4D8F-BC7E-35788E4DE26B}.Debug|iPhoneSimulator.ActiveCfg = Debug|Any CPU
		{CD407D58-B9D3-4D8F-BC7E-35788E4DE26B}.Debug|iPhoneSimulator.Build.0 = Debug|Any CPU
		{CD407D58-B9D3-4D8F-BC7E-35788E4DE26B}.Release|iPhoneSimulator.ActiveCfg = Release|Any CPU
		{CD407D58-B9D3-4D8F-BC7E-35788E4DE26B}.Release|iPhoneSimulator.Build.0 = Release|Any CPU
		{CD407D58-B9D3-4D8F-BC7E-35788E4DE26B}.Debug|iPhone.ActiveCfg = Debug|Any CPU
		{CD407D58-B9D3-4D8F-BC7E-35788E4DE26B}.Debug|iPhone.Build.0 = Debug|Any CPU
		{CD407D58-B9D3-4D8F-BC7E-35788E4DE26B}.Release|iPhone.ActiveCfg = Release|Any CPU
		{CD407D58-B9D3-4D8F-BC7E-35788E4DE26B}.Release|iPhone.Build.0 = Release|Any CPU
	EndGlobalSection
EndGlobal
